// !$*UTF8*$!
{
	archiveVersion = 1;
	classes = {
	};
	objectVersion = 46;
	objects = {

/* Begin PBXBuildFile section */
		FAAB46A91CA8AF3A00AE7A67 /* AppDelegate.swift in Sources */ = {isa = PBXBuildFile; fileRef = FAAB46A81CA8AF3A00AE7A67 /* AppDelegate.swift */; };
		FAAB46AB1CA8AF3A00AE7A67 /* ViewController.swift in Sources */ = {isa = PBXBuildFile; fileRef = FAAB46AA1CA8AF3A00AE7A67 /* ViewController.swift */; };
		FAAB46AE1CA8AF3A00AE7A67 /* Main.storyboard in Resources */ = {isa = PBXBuildFile; fileRef = FAAB46AC1CA8AF3A00AE7A67 /* Main.storyboard */; };
		FAAB46B01CA8AF3A00AE7A67 /* Assets.xcassets in Resources */ = {isa = PBXBuildFile; fileRef = FAAB46AF1CA8AF3A00AE7A67 /* Assets.xcassets */; };
		FAAB46B31CA8AF3A00AE7A67 /* LaunchScreen.storyboard in Resources */ = {isa = PBXBuildFile; fileRef = FAAB46B11CA8AF3A00AE7A67 /* LaunchScreen.storyboard */; };
		FAAB46BB1CA8AF7800AE7A67 /* Second.storyboard in Resources */ = {isa = PBXBuildFile; fileRef = FAAB46BA1CA8AF7800AE7A67 /* Second.storyboard */; };
/* End PBXBuildFile section */

/* Begin PBXFileReference section */
		FAAB46A51CA8AF3A00AE7A67 /* Conn.app */ = {isa = PBXFileReference; explicitFileType = wrapper.application; includeInIndex = 0; path = Conn.app; sourceTree = BUILT_PRODUCTS_DIR; };
		FAAB46A81CA8AF3A00AE7A67 /* AppDelegate.swift */ = {isa = PBXFileReference; lastKnownFileType = sourcecode.swift; path = AppDelegate.swift; sourceTree = "<group>"; };
		FAAB46AA1CA8AF3A00AE7A67 /* ViewController.swift */ = {isa = PBXFileReference; lastKnownFileType = sourcecode.swift; path = ViewController.swift; sourceTree = "<group>"; };
		FAAB46AD1CA8AF3A00AE7A67 /* Base */ = {isa = PBXFileReference; lastKnownFileType = file.storyboard; name = Base; path = Base.lproj/Main.storyboard; sourceTree = "<group>"; };
		FAAB46AF1CA8AF3A00AE7A67 /* Assets.xcassets */ = {isa = PBXFileReference; lastKnownFileType = folder.assetcatalog; path = Assets.xcassets; sourceTree = "<group>"; };
		FAAB46B21CA8AF3A00AE7A67 /* Base */ = {isa = PBXFileReference; lastKnownFileType = file.storyboard; name = Base; path = Base.lproj/LaunchScreen.storyboard; sourceTree = "<group>"; };
		FAAB46B41CA8AF3A00AE7A67 /* Info.plist */ = {isa = PBXFileReference; lastKnownFileType = text.plist.xml; path = Info.plist; sourceTree = "<group>"; };
		FAAB46BA1CA8AF7800AE7A67 /* Second.storyboard */ = {isa = PBXFileReference; fileEncoding = 4; lastKnownFileType = file.storyboard; path = Second.storyboard; sourceTree = "<group>"; };
/* End PBXFileReference section */

/* Begin PBXFrameworksBuildPhase section */
		FAAB46A21CA8AF3A00AE7A67 /* Frameworks */ = {
			isa = PBXFrameworksBuildPhase;
			buildActionMask = 2147483647;
			files = (
			);
			runOnlyForDeploymentPostprocessing = 0;
		};
/* End PBXFrameworksBuildPhase section */

/* Begin PBXGroup section */
		FAAB469C1CA8AF3A00AE7A67 = {
			isa = PBXGroup;
			children = (
				FAAB46A71CA8AF3A00AE7A67 /* Conn */,
				FAAB46A61CA8AF3A00AE7A67 /* Products */,
			);
			sourceTree = "<group>";
		};
		FAAB46A61CA8AF3A00AE7A67 /* Products */ = {
			isa = PBXGroup;
			children = (
				FAAB46A51CA8AF3A00AE7A67 /* Conn.app */,
			);
			name = Products;
			sourceTree = "<group>";
		};
		FAAB46A71CA8AF3A00AE7A67 /* Conn */ = {
			isa = PBXGroup;
			children = (
				FAAB46A81CA8AF3A00AE7A67 /* AppDelegate.swift */,
				FAAB46AA1CA8AF3A00AE7A67 /* ViewController.swift */,
				FAAB46AC1CA8AF3A00AE7A67 /* Main.storyboard */,
				FAAB46BA1CA8AF7800AE7A67 /* Second.storyboard */,
				FAAB46AF1CA8AF3A00AE7A67 /* Assets.xcassets */,
				FAAB46B11CA8AF3A00AE7A67 /* LaunchScreen.storyboard */,
				FAAB46B41CA8AF3A00AE7A67 /* Info.plist */,
			);
			path = Conn;
			sourceTree = "<group>";
		};
/* End PBXGroup section */

/* Begin PBXNativeTarget section */
		FAAB46A41CA8AF3A00AE7A67 /* Conn */ = {
			isa = PBXNativeTarget;
			buildConfigurationList = FAAB46B71CA8AF3A00AE7A67 /* Build configuration list for PBXNativeTarget "Conn" */;
			buildPhases = (
				FAAB46A11CA8AF3A00AE7A67 /* Sources */,
				FAAB46A21CA8AF3A00AE7A67 /* Frameworks */,
				FAAB46A31CA8AF3A00AE7A67 /* Resources */,
			);
			buildRules = (
			);
			dependencies = (
			);
			name = Conn;
			productName = Conn;
			productReference = FAAB46A51CA8AF3A00AE7A67 /* Conn.app */;
			productType = "com.apple.product-type.application";
		};
/* End PBXNativeTarget section */

/* Begin PBXProject section */
		FAAB469D1CA8AF3A00AE7A67 /* Project object */ = {
			isa = PBXProject;
			attributes = {
				LastSwiftUpdateCheck = 0730;
				LastUpgradeCheck = 0730;
				ORGANIZATIONNAME = "Zel Marko";
				TargetAttributes = {
					FAAB46A41CA8AF3A00AE7A67 = {
						CreatedOnToolsVersion = 7.3;
					};
				};
			};
			buildConfigurationList = FAAB46A01CA8AF3A00AE7A67 /* Build configuration list for PBXProject "Conn" */;
			compatibilityVersion = "Xcode 3.2";
			developmentRegion = English;
			hasScannedForEncodings = 0;
			knownRegions = (
				en,
				Base,
			);
			mainGroup = FAAB469C1CA8AF3A00AE7A67;
			productRefGroup = FAAB46A61CA8AF3A00AE7A67 /* Products */;
			projectDirPath = "";
			projectRoot = "";
			targets = (
				FAAB46A41CA8AF3A00AE7A67 /* Conn */,
			);
		};
/* End PBXProject section */

/* Begin PBXResourcesBuildPhase section */
		FAAB46A31CA8AF3A00AE7A67 /* Resources */ = {
			isa = PBXResourcesBuildPhase;
			buildActionMask = 2147483647;
			files = (
				FAAB46BB1CA8AF7800AE7A67 /* Second.storyboard in Resources */,
				FAAB46B31CA8AF3A00AE7A67 /* LaunchScreen.storyboard in Resources */,
				FAAB46B01CA8AF3A00AE7A67 /* Assets.xcassets in Resources */,
				FAAB46AE1CA8AF3A00AE7A67 /* Main.storyboard in Resources */,
			);
			runOnlyForDeploymentPostprocessing = 0;
		};
/* End PBXResourcesBuildPhase section */

/* Begin PBXSourcesBuildPhase section */
		FAAB46A11CA8AF3A00AE7A67 /* Sources */ = {
			isa = PBXSourcesBuildPhase;
			buildActionMask = 2147483647;
			files = (
				FAAB46AB1CA8AF3A00AE7A67 /* ViewController.swift in Sources */,
				FAAB46A91CA8AF3A00AE7A67 /* AppDelegate.swift in Sources */,
			);
			runOnlyForDeploymentPostprocessing = 0;
		};
/* End PBXSourcesBuildPhase section */

/* Begin PBXVariantGroup section */
		FAAB46AC1CA8AF3A00AE7A67 /* Main.storyboard */ = {
			isa = PBXVariantGroup;
			children = (
				FAAB46AD1CA8AF3A00AE7A67 /* Base */,
			);
			name = Main.storyboard;
			sourceTree = "<group>";
		};
		FAAB46B11CA8AF3A00AE7A67 /* LaunchScreen.storyboard */ = {
			isa = PBXVariantGroup;
			children = (
				FAAB46B21CA8AF3A00AE7A67 /* Base */,
			);
			name = LaunchScreen.storyboard;
			sourceTree = "<group>";
		};
/* End PBXVariantGroup section */

/* Begin XCBuildConfiguration section */
		FAAB46B51CA8AF3A00AE7A67 /* Debug */ = {
			isa = XCBuildConfiguration;
			buildSettings = {
				ALWAYS_SEARCH_USER_PATHS = NO;
				CLANG_ANALYZER_NONNULL = YES;
				CLANG_CXX_LANGUAGE_STANDARD = "gnu++0x";
				CLANG_CXX_LIBRARY = "libc++";
				CLANG_ENABLE_MODULES = YES;
				CLANG_ENABLE_OBJC_ARC = YES;
				CLANG_WARN_BOOL_CONVERSION = YES;
				CLANG_WARN_CONSTANT_CONVERSION = YES;
				CLANG_WARN_DIRECT_OBJC_ISA_USAGE = YES_ERROR;
				CLANG_WARN_EMPTY_BODY = YES;
				CLANG_WARN_ENUM_CONVERSION = YES;
				CLANG_WARN_INT_CONVERSION = YES;
				CLANG_WARN_OBJC_ROOT_CLASS = YES_ERROR;
				CLANG_WARN_UNREACHABLE_CODE = YES;
				CLANG_WARN__DUPLICATE_METHOD_MATCH = YES;
				"CODE_SIGN_IDENTITY[sdk=iphoneos*]" = "iPhone Developer";
				COPY_PHASE_STRIP = NO;
				DEBUG_INFORMATION_FORMAT = dwarf;
				ENABLE_STRICT_OBJC_MSGSEND = YES;
				ENABLE_TESTABILITY = YES;
				GCC_C_LANGUAGE_STANDARD = gnu99;
				GCC_DYNAMIC_NO_PIC = NO;
				GCC_NO_COMMON_BLOCKS = YES;
				GCC_OPTIMIZATION_LEVEL = 0;
				GCC_PREPROCESSOR_DEFINITIONS = (
					"DEBUG=1",
					"$(inherited)",
				);
				GCC_WARN_64_TO_32_BIT_CONVERSION = YES;
				GCC_WARN_ABOUT_RETURN_TYPE = YES_ERROR;
				GCC_WARN_UNDECLARED_SELECTOR = YES;
				GCC_WARN_UNINITIALIZED_AUTOS = YES_AGGRESSIVE;
				GCC_WARN_UNUSED_FUNCTION = YES;
				GCC_WARN_UNUSED_VARIABLE = YES;
				IPHONEOS_DEPLOYMENT_TARGET = 9.3;
				MTL_ENABLE_DEBUG_INFO = YES;
				ONLY_ACTIVE_ARCH = YES;
				SDKROOT = iphoneos;
				SWIFT_OPTIMIZATION_LEVEL = "-Onone";
			};
			name = Debug;
		};
		FAAB46B61CA8AF3A00AE7A67 /* Release */ = {
			isa = XCBuildConfiguration;
			buildSettings = {
				ALWAYS_SEARCH_USER_PATHS = NO;
				CLANG_ANALYZER_NONNULL = YES;
				CLANG_CXX_LANGUAGE_STANDARD = "gnu++0x";
				CLANG_CXX_LIBRARY = "libc++";
				CLANG_ENABLE_MODULES = YES;
				CLANG_ENABLE_OBJC_ARC = YES;
				CLANG_WARN_BOOL_CONVERSION = YES;
				CLANG_WARN_CONSTANT_CONVERSION = YES;
				CLANG_WARN_DIRECT_OBJC_ISA_USAGE = YES_ERROR;
				CLANG_WARN_EMPTY_BODY = YES;
				CLANG_WARN_ENUM_CONVERSION = YES;
				CLANG_WARN_INT_CONVERSION = YES;
				CLANG_WARN_OBJC_ROOT_CLASS = YES_ERROR;
				CLANG_WARN_UNREACHABLE_CODE = YES;
				CLANG_WARN__DUPLICATE_METHOD_MATCH = YES;
				"CODE_SIGN_IDENTITY[sdk=iphoneos*]" = "iPhone Developer";
				COPY_PHASE_STRIP = NO;
				DEBUG_INFORMATION_FORMAT = "dwarf-with-dsym";
				ENABLE_NS_ASSERTIONS = NO;
				ENABLE_STRICT_OBJC_MSGSEND = YES;
				GCC_C_LANGUAGE_STANDARD = gnu99;
				GCC_NO_COMMON_BLOCKS = YES;
				GCC_WARN_64_TO_32_BIT_CONVERSION = YES;
				GCC_WARN_ABOUT_RETURN_TYPE = YES_ERROR;
				GCC_WARN_UNDECLARED_SELECTOR = YES;
				GCC_WARN_UNINITIALIZED_AUTOS = YES_AGGRESSIVE;
				GCC_WARN_UNUSED_FUNCTION = YES;
				GCC_WARN_UNUSED_VARIABLE = YES;
				IPHONEOS_DEPLOYMENT_TARGET = 9.3;
				MTL_ENABLE_DEBUG_INFO = NO;
				SDKROOT = iphoneos;
				VALIDATE_PRODUCT = YES;
			};
			name = Release;
		};
		FAAB46B81CA8AF3A00AE7A67 /* Debug */ = {
			isa = XCBuildConfiguration;
			buildSettings = {
				ASSETCATALOG_COMPILER_APPICON_NAME = AppIcon;
				INFOPLIST_FILE = Conn/Info.plist;
				LD_RUNPATH_SEARCH_PATHS = "$(inherited) @executable_path/Frameworks";
				PRODUCT_BUNDLE_IDENTIFIER = com.zzzel.Conn;
				PRODUCT_NAME = "$(TARGET_NAME)";
			};
			name = Debug;
		};
		FAAB46B91CA8AF3A00AE7A67 /* Release */ = {
			isa = XCBuildConfiguration;
			buildSettings = {
				ASSETCATALOG_COMPILER_APPICON_NAME = AppIcon;
				INFOPLIST_FILE = Conn/Info.plist;
				LD_RUNPATH_SEARCH_PATHS = "$(inherited) @executable_path/Frameworks";
				PRODUCT_BUNDLE_IDENTIFIER = com.zzzel.Conn;
				PRODUCT_NAME = "$(TARGET_NAME)";
			};
			name = Release;
		};
/* End XCBuildConfiguration section */

/* Begin XCConfigurationList section */
		FAAB46A01CA8AF3A00AE7A67 /* Build configuration list for PBXProject "Conn" */ = {
			isa = XCConfigurationList;
			buildConfigurations = (
				FAAB46B51CA8AF3A00AE7A67 /* Debug */,
				FAAB46B61CA8AF3A00AE7A67 /* Release */,
			);
			defaultConfigurationIsVisible = 0;
			defaultConfigurationName = Release;
		};
		FAAB46B71CA8AF3A00AE7A67 /* Build configuration list for PBXNativeTarget "Conn" */ = {
			isa = XCConfigurationList;
			buildConfigurations = (
				FAAB46B81CA8AF3A00AE7A67 /* Debug */,
				FAAB46B91CA8AF3A00AE7A67 /* Release */,
			);
			defaultConfigurationIsVisible = 0;
		};
/* End XCConfigurationList section */
	};
	rootObject = FAAB469D1CA8AF3A00AE7A67 /* Project object */;
}
